{
  "nodes": {
    "nixpkgs": {
      "locked": {
        "lastModified": 1778430510,
        "narHash": "sha256-Ti+ZBvW6yrWWAg2szExVTwCd4qOJ3KlVr1tFHfyfi8Q=",
        "owner": "NixOS",
        "repo": "nixpkgs",
        "rev": "8fd9daa3db09ced9700431c5b7ad0e8ba199b575",
        "type": "github"
      },
      "original": {
        "owner": "NixOS",
        "ref": "nixos-25.11",
        "repo": "nixpkgs",
        "type": "github"
      }
    },
    "root": {
      "inputs": {
        "nixpkgs": "nixpkgs",
        "unpins-lib": "unpins-lib"
      }
    },
    "unpins-lib": {
      "locked": {
        "lastModified": 1778550377,
        "narHash": "sha256-kUvwbT6vTMRuljHiaN3zT/tkh4QO1yIFFxJqSebmS1E=",
        "owner": "unpins",
        "repo": "nix-lib",
        "rev": "6e3766ae890c05a5f7b32f4165a6d5927e342fdf",
        "type": "github"
      },
      "original": {
        "owner": "unpins",
        "ref": "v1",
        "repo": "nix-lib",
        "type": "github"
      }
    }
  },
  "root": "root",
  "version": 7
}
